
Microsoft Visual Studio Solution File, Format Version 12.00
# Visual Studio 14
VisualStudioVersion = 14.0.25420.1
MinimumVisualStudioVersion = 10.0.40219.1
Project("{FAE04EC0-301F-11D3-BF4B-00C04F79EFBC}") = "NeoStore.Droid", "NeoStore\NeoStore.Droid\NeoStore.Droid.csproj", "{0C69FCFC-3019-453F-B5C3-21111F0DD593}"
EndProject
Project("{FAE04EC0-301F-11D3-BF4B-00C04F79EFBC}") = "NeoStore.iOS", "NeoStore\NeoStore.iOS\NeoStore.iOS.csproj", "{76536DFD-EAA6-49A4-9391-28182D101247}"
EndProject
Project("{FAE04EC0-301F-11D3-BF4B-00C04F79EFBC}") = "NeoStore.WinPhone", "NeoStore\NeoStore.WinPhone\NeoStore.WinPhone.csproj", "{BEDFDEE6-3047-44E6-9C26-0B422F7F0243}"
EndProject
Project("{FAE04EC0-301F-11D3-BF4B-00C04F79EFBC}") = "NeoStore.Windows", "NeoStore\NeoStore.Windows\NeoStore.Windows.csproj", "{8D5279B7-6B62-4BD8-AD1C-63FB88D030FA}"
EndProject
Project("{FAE04EC0-301F-11D3-BF4B-00C04F79EFBC}") = "NeoStore", "NeoStore\NeoStore\NeoStore.csproj", "{46EE06D4-3873-4429-BFA2-07B1A4F96949}"
EndProject
Global
	GlobalSection(SolutionConfigurationPlatforms) = preSolution
		Ad-Hoc|Any CPU = Ad-Hoc|Any CPU
		Ad-Hoc|ARM = Ad-Hoc|ARM
		Ad-Hoc|iPhone = Ad-Hoc|iPhone
		Ad-Hoc|iPhoneSimulator = Ad-Hoc|iPhoneSimulator
		Ad-Hoc|x64 = Ad-Hoc|x64
		Ad-Hoc|x86 = Ad-Hoc|x86
		AppStore|Any CPU = AppStore|Any CPU
		AppStore|ARM = AppStore|ARM
		AppStore|iPhone = AppStore|iPhone
		AppStore|iPhoneSimulator = AppStore|iPhoneSimulator
		AppStore|x64 = AppStore|x64
		AppStore|x86 = AppStore|x86
		Debug|Any CPU = Debug|Any CPU
		Debug|ARM = Debug|ARM
		Debug|iPhone = Debug|iPhone
		Debug|iPhoneSimulator = Debug|iPhoneSimulator
		Debug|x64 = Debug|x64
		Debug|x86 = Debug|x86
		Release|Any CPU = Release|Any CPU
		Release|ARM = Release|ARM
		Release|iPhone = Release|iPhone
		Release|iPhoneSimulator = Release|iPhoneSimulator
		Release|x64 = Release|x64
		Release|x86 = Release|x86
	EndGlobalSection
	GlobalSection(ProjectConfigurationPlatforms) = postSolution
		{0C69FCFC-3019-453F-B5C3-21111F0DD593}.Ad-Hoc|Any CPU.ActiveCfg = Release|Any CPU
		{0C69FCFC-3019-453F-B5C3-21111F0DD593}.Ad-Hoc|Any CPU.Build.0 = Release|Any CPU
		{0C69FCFC-3019-453F-B5C3-21111F0DD593}.Ad-Hoc|Any CPU.Deploy.0 = Release|Any CPU
		{0C69FCFC-3019-453F-B5C3-21111F0DD593}.Ad-Hoc|ARM.ActiveCfg = Release|Any CPU
		{0C69FCFC-3019-453F-B5C3-21111F0DD593}.Ad-Hoc|ARM.Build.0 = Release|Any CPU
		{0C69FCFC-3019-453F-B5C3-21111F0DD593}.Ad-Hoc|ARM.Deploy.0 = Release|Any CPU
		{0C69FCFC-3019-453F-B5C3-21111F0DD593}.Ad-Hoc|iPhone.ActiveCfg = Release|Any CPU
		{0C69FCFC-3019-453F-B5C3-21111F0DD593}.Ad-Hoc|iPhone.Build.0 = Release|Any CPU
		{0C69FCFC-3019-453F-B5C3-21111F0DD593}.Ad-Hoc|iPhone.Deploy.0 = Release|Any CPU
		{0C69FCFC-3019-453F-B5C3-21111F0DD593}.Ad-Hoc|iPhoneSimulator.ActiveCfg = Release|Any CPU
		{0C69FCFC-3019-453F-B5C3-21111F0DD593}.Ad-Hoc|iPhoneSimulator.Build.0 = Release|Any CPU
		{0C69FCFC-3019-453F-B5C3-21111F0DD593}.Ad-Hoc|iPhoneSimulator.Deploy.0 = Release|Any CPU
		{0C69FCFC-3019-453F-B5C3-21111F0DD593}.Ad-Hoc|x64.ActiveCfg = Release|Any CPU
		{0C69FCFC-3019-453F-B5C3-21111F0DD593}.Ad-Hoc|x64.Build.0 = Release|Any CPU
		{0C69FCFC-3019-453F-B5C3-21111F0DD593}.Ad-Hoc|x64.Deploy.0 = Release|Any CPU
		{0C69FCFC-3019-453F-B5C3-21111F0DD593}.Ad-Hoc|x86.ActiveCfg = Release|Any CPU
		{0C69FCFC-3019-453F-B5C3-21111F0DD593}.Ad-Hoc|x86.Build.0 = Release|Any CPU
		{0C69FCFC-3019-453F-B5C3-21111F0DD593}.Ad-Hoc|x86.Deploy.0 = Release|Any CPU
		{0C69FCFC-3019-453F-B5C3-21111F0DD593}.AppStore|Any CPU.ActiveCfg = Release|Any CPU
		{0C69FCFC-3019-453F-B5C3-21111F0DD593}.AppStore|Any CPU.Build.0 = Release|Any CPU
		{0C69FCFC-3019-453F-B5C3-21111F0DD593}.AppStore|Any CPU.Deploy.0 = Release|Any CPU
		{0C69FCFC-3019-453F-B5C3-21111F0DD593}.AppStore|ARM.ActiveCfg = Release|Any CPU
		{0C69FCFC-3019-453F-B5C3-21111F0DD593}.AppStore|ARM.Build.0 = Release|Any CPU
		{0C69FCFC-3019-453F-B5C3-21111F0DD593}.AppStore|ARM.Deploy.0 = Release|Any CPU
		{0C69FCFC-3019-453F-B5C3-21111F0DD593}.AppStore|iPhone.ActiveCfg = Release|Any CPU
		{0C69FCFC-3019-453F-B5C3-21111F0DD593}.AppStore|iPhone.Build.0 = Release|Any CPU
		{0C69FCFC-3019-453F-B5C3-21111F0DD593}.AppStore|iPhone.Deploy.0 = Release|Any CPU
		{0C69FCFC-3019-453F-B5C3-21111F0DD593}.AppStore|iPhoneSimulator.ActiveCfg = Release|Any CPU
		{0C69FCFC-3019-453F-B5C3-21111F0DD593}.AppStore|iPhoneSimulator.Build.0 = Release|Any CPU
		{0C69FCFC-3019-453F-B5C3-21111F0DD593}.AppStore|iPhoneSimulator.Deploy.0 = Release|Any CPU
		{0C69FCFC-3019-453F-B5C3-21111F0DD593}.AppStore|x64.ActiveCfg = Release|Any CPU
		{0C69FCFC-3019-453F-B5C3-21111F0DD593}.AppStore|x64.Build.0 = Release|Any CPU
		{0C69FCFC-3019-453F-B5C3-21111F0DD593}.AppStore|x64.Deploy.0 = Release|Any CPU
		{0C69FCFC-3019-453F-B5C3-21111F0DD593}.AppStore|x86.ActiveCfg = Release|Any CPU
		{0C69FCFC-3019-453F-B5C3-21111F0DD593}.AppStore|x86.Build.0 = Release|Any CPU
		{0C69FCFC-3019-453F-B5C3-21111F0DD593}.AppStore|x86.Deploy.0 = Release|Any CPU
		{0C69FCFC-3019-453F-B5C3-21111F0DD593}.Debug|Any CPU.ActiveCfg = Debug|Any CPU
		{0C69FCFC-3019-453F-B5C3-21111F0DD593}.Debug|Any CPU.Build.0 = Debug|Any CPU
		{0C69FCFC-3019-453F-B5C3-21111F0DD593}.Debug|Any CPU.Deploy.0 = Debug|Any CPU
		{0C69FCFC-3019-453F-B5C3-21111F0DD593}.Debug|ARM.ActiveCfg = Debug|Any CPU
		{0C69FCFC-3019-453F-B5C3-21111F0DD593}.Debug|ARM.Build.0 = Debug|Any CPU
		{0C69FCFC-3019-453F-B5C3-21111F0DD593}.Debug|ARM.Deploy.0 = Debug|Any CPU
		{0C69FCFC-3019-453F-B5C3-21111F0DD593}.Debug|iPhone.ActiveCfg = Debug|Any CPU
		{0C69FCFC-3019-453F-B5C3-21111F0DD593}.Debug|iPhone.Build.0 = Debug|Any CPU
		{0C69FCFC-3019-453F-B5C3-21111F0DD593}.Debug|iPhone.Deploy.0 = Debug|Any CPU
		{0C69FCFC-3019-453F-B5C3-21111F0DD593}.Debug|iPhoneSimulator.ActiveCfg = Debug|Any CPU
		{0C69FCFC-3019-453F-B5C3-21111F0DD593}.Debug|iPhoneSimulator.Build.0 = Debug|Any CPU
		{0C69FCFC-3019-453F-B5C3-21111F0DD593}.Debug|iPhoneSimulator.Deploy.0 = Debug|Any CPU
		{0C69FCFC-3019-453F-B5C3-21111F0DD593}.Debug|x64.ActiveCfg = Debug|Any CPU
		{0C69FCFC-3019-453F-B5C3-21111F0DD593}.Debug|x64.Build.0 = Debug|Any CPU
		{0C69FCFC-3019-453F-B5C3-21111F0DD593}.Debug|x64.Deploy.0 = Debug|Any CPU
		{0C69FCFC-3019-453F-B5C3-21111F0DD593}.Debug|x86.ActiveCfg = Debug|Any CPU
		{0C69FCFC-3019-453F-B5C3-21111F0DD593}.Debug|x86.Build.0 = Debug|Any CPU
		{0C69FCFC-3019-453F-B5C3-21111F0DD593}.Debug|x86.Deploy.0 = Debug|Any CPU
		{0C69FCFC-3019-453F-B5C3-21111F0DD593}.Release|Any CPU.ActiveCfg = Release|Any CPU
		{0C69FCFC-3019-453F-B5C3-21111F0DD593}.Release|Any CPU.Build.0 = Release|Any CPU
		{0C69FCFC-3019-453F-B5C3-21111F0DD593}.Release|Any CPU.Deploy.0 = Release|Any CPU
		{0C69FCFC-3019-453F-B5C3-21111F0DD593}.Release|ARM.ActiveCfg = Release|Any CPU
		{0C69FCFC-3019-453F-B5C3-21111F0DD593}.Release|ARM.Build.0 = Release|Any CPU
		{0C69FCFC-3019-453F-B5C3-21111F0DD593}.Release|ARM.Deploy.0 = Release|Any CPU
		{0C69FCFC-3019-453F-B5C3-21111F0DD593}.Release|iPhone.ActiveCfg = Release|Any CPU
		{0C69FCFC-3019-453F-B5C3-21111F0DD593}.Release|iPhone.Build.0 = Release|Any CPU
		{0C69FCFC-3019-453F-B5C3-21111F0DD593}.Release|iPhone.Deploy.0 = Release|Any CPU
		{0C69FCFC-3019-453F-B5C3-21111F0DD593}.Release|iPhoneSimulator.ActiveCfg = Release|Any CPU
		{0C69FCFC-3019-453F-B5C3-21111F0DD593}.Release|iPhoneSimulator.Build.0 = Release|Any CPU
		{0C69FCFC-3019-453F-B5C3-21111F0DD593}.Release|iPhoneSimulator.Deploy.0 = Release|Any CPU
		{0C69FCFC-3019-453F-B5C3-21111F0DD593}.Release|x64.ActiveCfg = Release|Any CPU
		{0C69FCFC-3019-453F-B5C3-21111F0DD593}.Release|x64.Build.0 = Release|Any CPU
		{0C69FCFC-3019-453F-B5C3-21111F0DD593}.Release|x64.Deploy.0 = Release|Any CPU
		{0C69FCFC-3019-453F-B5C3-21111F0DD593}.Release|x86.ActiveCfg = Release|Any CPU
		{0C69FCFC-3019-453F-B5C3-21111F0DD593}.Release|x86.Build.0 = Release|Any CPU
		{0C69FCFC-3019-453F-B5C3-21111F0DD593}.Release|x86.Deploy.0 = Release|Any CPU
		{76536DFD-EAA6-49A4-9391-28182D101247}.Ad-Hoc|Any CPU.ActiveCfg = Ad-Hoc|iPhone
		{76536DFD-EAA6-49A4-9391-28182D101247}.Ad-Hoc|ARM.ActiveCfg = Ad-Hoc|iPhone
		{76536DFD-EAA6-49A4-9391-28182D101247}.Ad-Hoc|iPhone.ActiveCfg = Ad-Hoc|iPhone
		{76536DFD-EAA6-49A4-9391-28182D101247}.Ad-Hoc|iPhone.Build.0 = Ad-Hoc|iPhone
		{76536DFD-EAA6-49A4-9391-28182D101247}.Ad-Hoc|iPhoneSimulator.ActiveCfg = Ad-Hoc|iPhoneSimulator
		{76536DFD-EAA6-49A4-9391-28182D101247}.Ad-Hoc|iPhoneSimulator.Build.0 = Ad-Hoc|iPhoneSimulator
		{76536DFD-EAA6-49A4-9391-28182D101247}.Ad-Hoc|x64.ActiveCfg = Ad-Hoc|iPhone
		{76536DFD-EAA6-49A4-9391-28182D101247}.Ad-Hoc|x86.ActiveCfg = Ad-Hoc|iPhone
		{76536DFD-EAA6-49A4-9391-28182D101247}.AppStore|Any CPU.ActiveCfg = AppStore|iPhone
		{76536DFD-EAA6-49A4-9391-28182D101247}.AppStore|ARM.ActiveCfg = AppStore|iPhone
		{76536DFD-EAA6-49A4-9391-28182D101247}.AppStore|iPhone.ActiveCfg = AppStore|iPhone
		{76536DFD-EAA6-49A4-9391-28182D101247}.AppStore|iPhone.Build.0 = AppStore|iPhone
		{76536DFD-EAA6-49A4-9391-28182D101247}.AppStore|iPhoneSimulator.ActiveCfg = AppStore|iPhoneSimulator
		{76536DFD-EAA6-49A4-9391-28182D101247}.AppStore|iPhoneSimulator.Build.0 = AppStore|iPhoneSimulator
		{76536DFD-EAA6-49A4-9391-28182D101247}.AppStore|x64.ActiveCfg = AppStore|iPhone
		{76536DFD-EAA6-49A4-9391-28182D101247}.AppStore|x86.ActiveCfg = AppStore|iPhone
		{76536DFD-EAA6-49A4-9391-28182D101247}.Debug|Any CPU.ActiveCfg = Debug|iPhone
		{76536DFD-EAA6-49A4-9391-28182D101247}.Debug|ARM.ActiveCfg = Debug|iPhone
		{76536DFD-EAA6-49A4-9391-28182D101247}.Debug|iPhone.ActiveCfg = Debug|iPhone
		{76536DFD-EAA6-49A4-9391-28182D101247}.Debug|iPhone.Build.0 = Debug|iPhone
		{76536DFD-EAA6-49A4-9391-28182D101247}.Debug|iPhoneSimulator.ActiveCfg = Debug|iPhoneSimulator
		{76536DFD-EAA6-49A4-9391-28182D101247}.Debug|iPhoneSimulator.Build.0 = Debug|iPhoneSimulator
		{76536DFD-EAA6-49A4-9391-28182D101247}.Debug|x64.ActiveCfg = Debug|iPhone
		{76536DFD-EAA6-49A4-9391-28182D101247}.Debug|x86.ActiveCfg = Debug|iPhone
		{76536DFD-EAA6-49A4-9391-28182D101247}.Release|Any CPU.ActiveCfg = Release|iPhone
		{76536DFD-EAA6-49A4-9391-28182D101247}.Release|ARM.ActiveCfg = Release|iPhone
		{76536DFD-EAA6-49A4-9391-28182D101247}.Release|iPhone.ActiveCfg = Release|iPhone
		{76536DFD-EAA6-49A4-9391-28182D101247}.Release|iPhone.Build.0 = Release|iPhone
		{76536DFD-EAA6-49A4-9391-28182D101247}.Release|iPhoneSimulator.ActiveCfg = Release|iPhoneSimulator
		{76536DFD-EAA6-49A4-9391-28182D101247}.Release|iPhoneSimulator.Build.0 = Release|iPhoneSimulator
		{76536DFD-EAA6-49A4-9391-28182D101247}.Release|x64.ActiveCfg = Release|iPhone
		{76536DFD-EAA6-49A4-9391-28182D101247}.Release|x86.ActiveCfg = Release|iPhone
		{BEDFDEE6-3047-44E6-9C26-0B422F7F0243}.Ad-Hoc|Any CPU.ActiveCfg = Release|Any CPU
		{BEDFDEE6-3047-44E6-9C26-0B422F7F0243}.Ad-Hoc|Any CPU.Build.0 = Release|Any CPU
		{BEDFDEE6-3047-44E6-9C26-0B422F7F0243}.Ad-Hoc|Any CPU.Deploy.0 = Release|Any CPU
		{BEDFDEE6-3047-44E6-9C26-0B422F7F0243}.Ad-Hoc|ARM.ActiveCfg = Release|ARM
		{BEDFDEE6-3047-44E6-9C26-0B422F7F0243}.Ad-Hoc|ARM.Build.0 = Release|ARM
		{BEDFDEE6-3047-44E6-9C26-0B422F7F0243}.Ad-Hoc|ARM.Deploy.0 = Release|ARM
		{BEDFDEE6-3047-44E6-9C26-0B422F7F0243}.Ad-Hoc|iPhone.ActiveCfg = Release|Any CPU
		{BEDFDEE6-3047-44E6-9C26-0B422F7F0243}.Ad-Hoc|iPhone.Build.0 = Release|Any CPU
		{BEDFDEE6-3047-44E6-9C26-0B422F7F0243}.Ad-Hoc|iPhone.Deploy.0 = Release|Any CPU
		{BEDFDEE6-3047-44E6-9C26-0B422F7F0243}.Ad-Hoc|iPhoneSimulator.ActiveCfg = Release|Any CPU
		{BEDFDEE6-3047-44E6-9C26-0B422F7F0243}.Ad-Hoc|iPhoneSimulator.Build.0 = Release|Any CPU
		{BEDFDEE6-3047-44E6-9C26-0B422F7F0243}.Ad-Hoc|iPhoneSimulator.Deploy.0 = Release|Any CPU
		{BEDFDEE6-3047-44E6-9C26-0B422F7F0243}.Ad-Hoc|x64.ActiveCfg = Release|Any CPU
		{BEDFDEE6-3047-44E6-9C26-0B422F7F0243}.Ad-Hoc|x64.Build.0 = Release|Any CPU
		{BEDFDEE6-3047-44E6-9C26-0B422F7F0243}.Ad-Hoc|x64.Deploy.0 = Release|Any CPU
		{BEDFDEE6-3047-44E6-9C26-0B422F7F0243}.Ad-Hoc|x86.ActiveCfg = Release|x86
		{BEDFDEE6-3047-44E6-9C26-0B422F7F0243}.Ad-Hoc|x86.Build.0 = Release|x86
		{BEDFDEE6-3047-44E6-9C26-0B422F7F0243}.Ad-Hoc|x86.Deploy.0 = Release|x86
		{BEDFDEE6-3047-44E6-9C26-0B422F7F0243}.AppStore|Any CPU.ActiveCfg = Release|Any CPU
		{BEDFDEE6-3047-44E6-9C26-0B422F7F0243}.AppStore|Any CPU.Build.0 = Release|Any CPU
		{BEDFDEE6-3047-44E6-9C26-0B422F7F0243}.AppStore|Any CPU.Deploy.0 = Release|Any CPU
		{BEDFDEE6-3047-44E6-9C26-0B422F7F0243}.AppStore|ARM.ActiveCfg = Release|ARM
		{BEDFDEE6-3047-44E6-9C26-0B422F7F0243}.AppStore|ARM.Build.0 = Release|ARM
		{BEDFDEE6-3047-44E6-9C26-0B422F7F0243}.AppStore|ARM.Deploy.0 = Release|ARM
		{BEDFDEE6-3047-44E6-9C26-0B422F7F0243}.AppStore|iPhone.ActiveCfg = Release|Any CPU
		{BEDFDEE6-3047-44E6-9C26-0B422F7F0243}.AppStore|iPhone.Build.0 = Release|Any CPU
		{BEDFDEE6-3047-44E6-9C26-0B422F7F0243}.AppStore|iPhone.Deploy.0 = Release|Any CPU
		{BEDFDEE6-3047-44E6-9C26-0B422F7F0243}.AppStore|iPhoneSimulator.ActiveCfg = Release|Any CPU
		{BEDFDEE6-3047-44E6-9C26-0B422F7F0243}.AppStore|iPhoneSimulator.Build.0 = Release|Any CPU
		{BEDFDEE6-3047-44E6-9C26-0B422F7F0243}.AppStore|iPhoneSimulator.Deploy.0 = Release|Any CPU
		{BEDFDEE6-3047-44E6-9C26-0B422F7F0243}.AppStore|x64.ActiveCfg = Release|Any CPU
		{BEDFDEE6-3047-44E6-9C26-0B422F7F0243}.AppStore|x64.Build.0 = Release|Any CPU
		{BEDFDEE6-3047-44E6-9C26-0B422F7F0243}.AppStore|x64.Deploy.0 = Release|Any CPU
		{BEDFDEE6-3047-44E6-9C26-0B422F7F0243}.AppStore|x86.ActiveCfg = Release|x86
		{BEDFDEE6-3047-44E6-9C26-0B422F7F0243}.AppStore|x86.Build.0 = Release|x86
		{BEDFDEE6-3047-44E6-9C26-0B422F7F0243}.AppStore|x86.Deploy.0 = Release|x86
		{BEDFDEE6-3047-44E6-9C26-0B422F7F0243}.Debug|Any CPU.ActiveCfg = Debug|Any CPU
		{BEDFDEE6-3047-44E6-9C26-0B422F7F0243}.Debug|Any CPU.Build.0 = Debug|Any CPU
		{BEDFDEE6-3047-44E6-9C26-0B422F7F0243}.Debug|Any CPU.Deploy.0 = Debug|Any CPU
		{BEDFDEE6-3047-44E6-9C26-0B422F7F0243}.Debug|ARM.ActiveCfg = Debug|ARM
		{BEDFDEE6-3047-44E6-9C26-0B422F7F0243}.Debug|ARM.Build.0 = Debug|ARM
		{BEDFDEE6-3047-44E6-9C26-0B422F7F0243}.Debug|ARM.Deploy.0 = Debug|ARM
		{BEDFDEE6-3047-44E6-9C26-0B422F7F0243}.Debug|iPhone.ActiveCfg = Debug|Any CPU
		{BEDFDEE6-3047-44E6-9C26-0B422F7F0243}.Debug|iPhone.Build.0 = Debug|Any CPU
		{BEDFDEE6-3047-44E6-9C26-0B422F7F0243}.Debug|iPhone.Deploy.0 = Debug|Any CPU
		{BEDFDEE6-3047-44E6-9C26-0B422F7F0243}.Debug|iPhoneSimulator.ActiveCfg = Debug|Any CPU
		{BEDFDEE6-3047-44E6-9C26-0B422F7F0243}.Debug|iPhoneSimulator.Build.0 = Debug|Any CPU
		{BEDFDEE6-3047-44E6-9C26-0B422F7F0243}.Debug|iPhoneSimulator.Deploy.0 = Debug|Any CPU
		{BEDFDEE6-3047-44E6-9C26-0B422F7F0243}.Debug|x64.ActiveCfg = Debug|Any CPU
		{BEDFDEE6-3047-44E6-9C26-0B422F7F0243}.Debug|x64.Build.0 = Debug|Any CPU
		{BEDFDEE6-3047-44E6-9C26-0B422F7F0243}.Debug|x64.Deploy.0 = Debug|Any CPU
		{BEDFDEE6-3047-44E6-9C26-0B422F7F0243}.Debug|x86.ActiveCfg = Debug|x86
		{BEDFDEE6-3047-44E6-9C26-0B422F7F0243}.Debug|x86.Build.0 = Debug|x86
		{BEDFDEE6-3047-44E6-9C26-0B422F7F0243}.Debug|x86.Deploy.0 = Debug|x86
		{BEDFDEE6-3047-44E6-9C26-0B422F7F0243}.Release|Any CPU.ActiveCfg = Release|Any CPU
		{BEDFDEE6-3047-44E6-9C26-0B422F7F0243}.Release|Any CPU.Build.0 = Release|Any CPU
		{BEDFDEE6-3047-44E6-9C26-0B422F7F0243}.Release|Any CPU.Deploy.0 = Release|Any CPU
		{BEDFDEE6-3047-44E6-9C26-0B422F7F0243}.Release|ARM.ActiveCfg = Release|ARM
		{BEDFDEE6-3047-44E6-9C26-0B422F7F0243}.Release|ARM.Build.0 = Release|ARM
		{BEDFDEE6-3047-44E6-9C26-0B422F7F0243}.Release|ARM.Deploy.0 = Release|ARM
		{BEDFDEE6-3047-44E6-9C26-0B422F7F0243}.Release|iPhone.ActiveCfg = Release|Any CPU
		{BEDFDEE6-3047-44E6-9C26-0B422F7F0243}.Release|iPhone.Build.0 = Release|Any CPU
		{BEDFDEE6-3047-44E6-9C26-0B422F7F0243}.Release|iPhone.Deploy.0 = Release|Any CPU
		{BEDFDEE6-3047-44E6-9C26-0B422F7F0243}.Release|iPhoneSimulator.ActiveCfg = Release|Any CPU
		{BEDFDEE6-3047-44E6-9C26-0B422F7F0243}.Release|iPhoneSimulator.Build.0 = Release|Any CPU
		{BEDFDEE6-3047-44E6-9C26-0B422F7F0243}.Release|iPhoneSimulator.Deploy.0 = Release|Any CPU
		{BEDFDEE6-3047-44E6-9C26-0B422F7F0243}.Release|x64.ActiveCfg = Release|Any CPU
		{BEDFDEE6-3047-44E6-9C26-0B422F7F0243}.Release|x64.Build.0 = Release|Any CPU
		{BEDFDEE6-3047-44E6-9C26-0B422F7F0243}.Release|x64.Deploy.0 = Release|Any CPU
		{BEDFDEE6-3047-44E6-9C26-0B422F7F0243}.Release|x86.ActiveCfg = Release|x86
		{BEDFDEE6-3047-44E6-9C26-0B422F7F0243}.Release|x86.Build.0 = Release|x86
		{BEDFDEE6-3047-44E6-9C26-0B422F7F0243}.Release|x86.Deploy.0 = Release|x86
		{8D5279B7-6B62-4BD8-AD1C-63FB88D030FA}.Ad-Hoc|Any CPU.ActiveCfg = Release|Any CPU
		{8D5279B7-6B62-4BD8-AD1C-63FB88D030FA}.Ad-Hoc|Any CPU.Build.0 = Release|Any CPU
		{8D5279B7-6B62-4BD8-AD1C-63FB88D030FA}.Ad-Hoc|Any CPU.Deploy.0 = Release|Any CPU
		{8D5279B7-6B62-4BD8-AD1C-63FB88D030FA}.Ad-Hoc|ARM.ActiveCfg = Release|ARM
		{8D5279B7-6B62-4BD8-AD1C-63FB88D030FA}.Ad-Hoc|ARM.Build.0 = Release|ARM
		{8D5279B7-6B62-4BD8-AD1C-63FB88D030FA}.Ad-Hoc|ARM.Deploy.0 = Release|ARM
		{8D5279B7-6B62-4BD8-AD1C-63FB88D030FA}.Ad-Hoc|iPhone.ActiveCfg = Release|Any CPU
		{8D5279B7-6B62-4BD8-AD1C-63FB88D030FA}.Ad-Hoc|iPhone.Build.0 = Release|Any CPU
		{8D5279B7-6B62-4BD8-AD1C-63FB88D030FA}.Ad-Hoc|iPhone.Deploy.0 = Release|Any CPU
		{8D5279B7-6B62-4BD8-AD1C-63FB88D030FA}.Ad-Hoc|iPhoneSimulator.ActiveCfg = Release|Any CPU
		{8D5279B7-6B62-4BD8-AD1C-63FB88D030FA}.Ad-Hoc|iPhoneSimulator.Build.0 = Release|Any CPU
		{8D5279B7-6B62-4BD8-AD1C-63FB88D030FA}.Ad-Hoc|iPhoneSimulator.Deploy.0 = Release|Any CPU
		{8D5279B7-6B62-4BD8-AD1C-63FB88D030FA}.Ad-Hoc|x64.ActiveCfg = Release|x64
		{8D5279B7-6B62-4BD8-AD1C-63FB88D030FA}.Ad-Hoc|x64.Build.0 = Release|x64
		{8D5279B7-6B62-4BD8-AD1C-63FB88D030FA}.Ad-Hoc|x64.Deploy.0 = Release|x64
		{8D5279B7-6B62-4BD8-AD1C-63FB88D030FA}.Ad-Hoc|x86.ActiveCfg = Release|x86
		{8D5279B7-6B62-4BD8-AD1C-63FB88D030FA}.Ad-Hoc|x86.Build.0 = Release|x86
		{8D5279B7-6B62-4BD8-AD1C-63FB88D030FA}.Ad-Hoc|x86.Deploy.0 = Release|x86
		{8D5279B7-6B62-4BD8-AD1C-63FB88D030FA}.AppStore|Any CPU.ActiveCfg = Release|Any CPU
		{8D5279B7-6B62-4BD8-AD1C-63FB88D030FA}.AppStore|Any CPU.Build.0 = Release|Any CPU
		{8D5279B7-6B62-4BD8-AD1C-63FB88D030FA}.AppStore|Any CPU.Deploy.0 = Release|Any CPU
		{8D5279B7-6B62-4BD8-AD1C-63FB88D030FA}.AppStore|ARM.ActiveCfg = Release|ARM
		{8D5279B7-6B62-4BD8-AD1C-63FB88D030FA}.AppStore|ARM.Build.0 = Release|ARM
		{8D5279B7-6B62-4BD8-AD1C-63FB88D030FA}.AppStore|ARM.Deploy.0 = Release|ARM
		{8D5279B7-6B62-4BD8-AD1C-63FB88D030FA}.AppStore|iPhone.ActiveCfg = Release|Any CPU
		{8D5279B7-6B62-4BD8-AD1C-63FB88D030FA}.AppStore|iPhone.Build.0 = Release|Any CPU
		{8D5279B7-6B62-4BD8-AD1C-63FB88D030FA}.AppStore|iPhone.Deploy.0 = Release|Any CPU
		{8D5279B7-6B62-4BD8-AD1C-63FB88D030FA}.AppStore|iPhoneSimulator.ActiveCfg = Release|Any CPU
		{8D5279B7-6B62-4BD8-AD1C-63FB88D030FA}.AppStore|iPhoneSimulator.Build.0 = Release|Any CPU
		{8D5279B7-6B62-4BD8-AD1C-63FB88D030FA}.AppStore|iPhoneSimulator.Deploy.0 = Release|Any CPU
		{8D5279B7-6B62-4BD8-AD1C-63FB88D030FA}.AppStore|x64.ActiveCfg = Release|x64
		{8D5279B7-6B62-4BD8-AD1C-63FB88D030FA}.AppStore|x64.Build.0 = Release|x64
		{8D5279B7-6B62-4BD8-AD1C-63FB88D030FA}.AppStore|x64.Deploy.0 = Release|x64
		{8D5279B7-6B62-4BD8-AD1C-63FB88D030FA}.AppStore|x86.ActiveCfg = Release|x86
		{8D5279B7-6B62-4BD8-AD1C-63FB88D030FA}.AppStore|x86.Build.0 = Release|x86
		{8D5279B7-6B62-4BD8-AD1C-63FB88D030FA}.AppStore|x86.Deploy.0 = Release|x86
		{8D5279B7-6B62-4BD8-AD1C-63FB88D030FA}.Debug|Any CPU.ActiveCfg = Debug|Any CPU
		{8D5279B7-6B62-4BD8-AD1C-63FB88D030FA}.Debug|Any CPU.Build.0 = Debug|Any CPU
		{8D5279B7-6B62-4BD8-AD1C-63FB88D030FA}.Debug|Any CPU.Deploy.0 = Debug|Any CPU
		{8D5279B7-6B62-4BD8-AD1C-63FB88D030FA}.Debug|ARM.ActiveCfg = Debug|ARM
		{8D5279B7-6B62-4BD8-AD1C-63FB88D030FA}.Debug|ARM.Build.0 = Debug|ARM
		{8D5279B7-6B62-4BD8-AD1C-63FB88D030FA}.Debug|ARM.Deploy.0 = Debug|ARM
		{8D5279B7-6B62-4BD8-AD1C-63FB88D030FA}.Debug|iPhone.ActiveCfg = Debug|Any CPU
		{8D5279B7-6B62-4BD8-AD1C-63FB88D030FA}.Debug|iPhone.Build.0 = Debug|Any CPU
		{8D5279B7-6B62-4BD8-AD1C-63FB88D030FA}.Debug|iPhone.Deploy.0 = Debug|Any CPU
		{8D5279B7-6B62-4BD8-AD1C-63FB88D030FA}.Debug|iPhoneSimulator.ActiveCfg = Debug|Any CPU
		{8D5279B7-6B62-4BD8-AD1C-63FB88D030FA}.Debug|iPhoneSimulator.Build.0 = Debug|Any CPU
		{8D5279B7-6B62-4BD8-AD1C-63FB88D030FA}.Debug|iPhoneSimulator.Deploy.0 = Debug|Any CPU
		{8D5279B7-6B62-4BD8-AD1C-63FB88D030FA}.Debug|x64.ActiveCfg = Debug|x64
		{8D5279B7-6B62-4BD8-AD1C-63FB88D030FA}.Debug|x64.Build.0 = Debug|x64
		{8D5279B7-6B62-4BD8-AD1C-63FB88D030FA}.Debug|x64.Deploy.0 = Debug|x64
		{8D5279B7-6B62-4BD8-AD1C-63FB88D030FA}.Debug|x86.ActiveCfg = Debug|x86
		{8D5279B7-6B62-4BD8-AD1C-63FB88D030FA}.Debug|x86.Build.0 = Debug|x86
		{8D5279B7-6B62-4BD8-AD1C-63FB88D030FA}.Debug|x86.Deploy.0 = Debug|x86
		{8D5279B7-6B62-4BD8-AD1C-63FB88D030FA}.Release|Any CPU.ActiveCfg = Release|Any CPU
		{8D5279B7-6B62-4BD8-AD1C-63FB88D030FA}.Release|Any CPU.Build.0 = Release|Any CPU
		{8D5279B7-6B62-4BD8-AD1C-63FB88D030FA}.Release|Any CPU.Deploy.0 = Release|Any CPU
		{8D5279B7-6B62-4BD8-AD1C-63FB88D030FA}.Release|ARM.ActiveCfg = Release|ARM
		{8D5279B7-6B62-4BD8-AD1C-63FB88D030FA}.Release|ARM.Build.0 = Release|ARM
		{8D5279B7-6B62-4BD8-AD1C-63FB88D030FA}.Release|ARM.Deploy.0 = Release|ARM
		{8D5279B7-6B62-4BD8-AD1C-63FB88D030FA}.Release|iPhone.ActiveCfg = Release|Any CPU
		{8D5279B7-6B62-4BD8-AD1C-63FB88D030FA}.Release|iPhone.Build.0 = Release|Any CPU
		{8D5279B7-6B62-4BD8-AD1C-63FB88D030FA}.Release|iPhone.Deploy.0 = Release|Any CPU
		{8D5279B7-6B62-4BD8-AD1C-63FB88D030FA}.Release|iPhoneSimulator.ActiveCfg = Release|Any CPU
		{8D5279B7-6B62-4BD8-AD1C-63FB88D030FA}.Release|iPhoneSimulator.Build.0 = Release|Any CPU
		{8D5279B7-6B62-4BD8-AD1C-63FB88D030FA}.Release|iPhoneSimulator.Deploy.0 = Release|Any CPU
		{8D5279B7-6B62-4BD8-AD1C-63FB88D030FA}.Release|x64.ActiveCfg = Release|x64
		{8D5279B7-6B62-4BD8-AD1C-63FB88D030FA}.Release|x64.Build.0 = Release|x64
		{8D5279B7-6B62-4BD8-AD1C-63FB88D030FA}.Release|x64.Deploy.0 = Release|x64
		{8D5279B7-6B62-4BD8-AD1C-63FB88D030FA}.Release|x86.ActiveCfg = Release|x86
		{8D5279B7-6B62-4BD8-AD1C-63FB88D030FA}.Release|x86.Build.0 = Release|x86
		{8D5279B7-6B62-4BD8-AD1C-63FB88D030FA}.Release|x86.Deploy.0 = Release|x86
		{46EE06D4-3873-4429-BFA2-07B1A4F96949}.Ad-Hoc|Any CPU.ActiveCfg = Release|Any CPU
		{46EE06D4-3873-4429-BFA2-07B1A4F96949}.Ad-Hoc|Any CPU.Build.0 = Release|Any CPU
		{46EE06D4-3873-4429-BFA2-07B1A4F96949}.Ad-Hoc|ARM.ActiveCfg = Release|Any CPU
		{46EE06D4-3873-4429-BFA2-07B1A4F96949}.Ad-Hoc|ARM.Build.0 = Release|Any CPU
		{46EE06D4-3873-4429-BFA2-07B1A4F96949}.Ad-Hoc|iPhone.ActiveCfg = Release|Any CPU
		{46EE06D4-3873-4429-BFA2-07B1A4F96949}.Ad-Hoc|iPhone.Build.0 = Release|Any CPU
		{46EE06D4-3873-4429-BFA2-07B1A4F96949}.Ad-Hoc|iPhoneSimulator.ActiveCfg = Release|Any CPU
		{46EE06D4-3873-4429-BFA2-07B1A4F96949}.Ad-Hoc|iPhoneSimulator.Build.0 = Release|Any CPU
		{46EE06D4-3873-4429-BFA2-07B1A4F96949}.Ad-Hoc|x64.ActiveCfg = Release|Any CPU
		{46EE06D4-3873-4429-BFA2-07B1A4F96949}.Ad-Hoc|x64.Build.0 = Release|Any CPU
		{46EE06D4-3873-4429-BFA2-07B1A4F96949}.Ad-Hoc|x86.ActiveCfg = Release|Any CPU
		{46EE06D4-3873-4429-BFA2-07B1A4F96949}.Ad-Hoc|x86.Build.0 = Release|Any CPU
		{46EE06D4-3873-4429-BFA2-07B1A4F96949}.AppStore|Any CPU.ActiveCfg = Release|Any CPU
		{46EE06D4-3873-4429-BFA2-07B1A4F96949}.AppStore|Any CPU.Build.0 = Release|Any CPU
		{46EE06D4-3873-4429-BFA2-07B1A4F96949}.AppStore|ARM.ActiveCfg = Release|Any CPU
		{46EE06D4-3873-4429-BFA2-07B1A4F96949}.AppStore|ARM.Build.0 = Release|Any CPU
		{46EE06D4-3873-4429-BFA2-07B1A4F96949}.AppStore|iPhone.ActiveCfg = Release|Any CPU
		{46EE06D4-3873-4429-BFA2-07B1A4F96949}.AppStore|iPhone.Build.0 = Release|Any CPU
		{46EE06D4-3873-4429-BFA2-07B1A4F96949}.AppStore|iPhoneSimulator.ActiveCfg = Release|Any CPU
		{46EE06D4-3873-4429-BFA2-07B1A4F96949}.AppStore|iPhoneSimulator.Build.0 = Release|Any CPU
		{46EE06D4-3873-4429-BFA2-07B1A4F96949}.AppStore|x64.ActiveCfg = Release|Any CPU
		{46EE06D4-3873-4429-BFA2-07B1A4F96949}.AppStore|x64.Build.0 = Release|Any CPU
		{46EE06D4-3873-4429-BFA2-07B1A4F96949}.AppStore|x86.ActiveCfg = Release|Any CPU
		{46EE06D4-3873-4429-BFA2-07B1A4F96949}.AppStore|x86.Build.0 = Release|Any CPU
		{46EE06D4-3873-4429-BFA2-07B1A4F96949}.Debug|Any CPU.ActiveCfg = Debug|Any CPU
		{46EE06D4-3873-4429-BFA2-07B1A4F96949}.Debug|Any CPU.Build.0 = Debug|Any CPU
		{46EE06D4-3873-4429-BFA2-07B1A4F96949}.Debug|ARM.ActiveCfg = Debug|Any CPU
		{46EE06D4-3873-4429-BFA2-07B1A4F96949}.Debug|ARM.Build.0 = Debug|Any CPU
		{46EE06D4-3873-4429-BFA2-07B1A4F96949}.Debug|iPhone.ActiveCfg = Debug|Any CPU
		{46EE06D4-3873-4429-BFA2-07B1A4F96949}.Debug|iPhone.Build.0 = Debug|Any CPU
		{46EE06D4-3873-4429-BFA2-07B1A4F96949}.Debug|iPhoneSimulator.ActiveCfg = Debug|Any CPU
		{46EE06D4-3873-4429-BFA2-07B1A4F96949}.Debug|iPhoneSimulator.Build.0 = Debug|Any CPU
		{46EE06D4-3873-4429-BFA2-07B1A4F96949}.Debug|x64.ActiveCfg = Debug|Any CPU
		{46EE06D4-3873-4429-BFA2-07B1A4F96949}.Debug|x64.Build.0 = Debug|Any CPU
		{46EE06D4-3873-4429-BFA2-07B1A4F96949}.Debug|x86.ActiveCfg = Debug|Any CPU
		{46EE06D4-3873-4429-BFA2-07B1A4F96949}.Debug|x86.Build.0 = Debug|Any CPU
		{46EE06D4-3873-4429-BFA2-07B1A4F96949}.Release|Any CPU.ActiveCfg = Release|Any CPU
		{46EE06D4-3873-4429-BFA2-07B1A4F96949}.Release|Any CPU.Build.0 = Release|Any CPU
		{46EE06D4-3873-4429-BFA2-07B1A4F96949}.Release|ARM.ActiveCfg = Release|Any CPU
		{46EE06D4-3873-4429-BFA2-07B1A4F96949}.Release|ARM.Build.0 = Release|Any CPU
		{46EE06D4-3873-4429-BFA2-07B1A4F96949}.Release|iPhone.ActiveCfg = Release|Any CPU
		{46EE06D4-3873-4429-BFA2-07B1A4F96949}.Release|iPhone.Build.0 = Release|Any CPU
		{46EE06D4-3873-4429-BFA2-07B1A4F96949}.Release|iPhoneSimulator.ActiveCfg = Release|Any CPU
		{46EE06D4-3873-4429-BFA2-07B1A4F96949}.Release|iPhoneSimulator.Build.0 = Release|Any CPU
		{46EE06D4-3873-4429-BFA2-07B1A4F96949}.Release|x64.ActiveCfg = Release|Any CPU
		{46EE06D4-3873-4429-BFA2-07B1A4F96949}.Release|x64.Build.0 = Release|Any CPU
		{46EE06D4-3873-4429-BFA2-07B1A4F96949}.Release|x86.ActiveCfg = Release|Any CPU
		{46EE06D4-3873-4429-BFA2-07B1A4F96949}.Release|x86.Build.0 = Release|Any CPU
	EndGlobalSection
	GlobalSection(SolutionProperties) = preSolution
		HideSolutionNode = FALSE
	EndGlobalSection
EndGlobal
