
Microsoft Visual Studio Solution File, Format Version 12.00
# Visual Studio 14
VisualStudioVersion = 14.0.25420.1
MinimumVisualStudioVersion = 10.0.40219.1
Project("{FAE04EC0-301F-11D3-BF4B-00C04F79EFBC}") = "NeoStore.Droid", "NeoStore\NeoStore.Droid\NeoStore.Droid.csproj", "{BC4F55C9-9D11-4611-83EB-5AFF4F1AC30C}"
EndProject
Project("{FAE04EC0-301F-11D3-BF4B-00C04F79EFBC}") = "NeoStore.iOS", "NeoStore\NeoStore.iOS\NeoStore.iOS.csproj", "{3A409A72-19E5-4F95-80A3-8106207ADBAE}"
EndProject
Project("{FAE04EC0-301F-11D3-BF4B-00C04F79EFBC}") = "NeoStore.WinPhone", "NeoStore\NeoStore.WinPhone\NeoStore.WinPhone.csproj", "{ACF3F90C-9BE1-42E6-AB98-A804E7D4981E}"
EndProject
Project("{FAE04EC0-301F-11D3-BF4B-00C04F79EFBC}") = "NeoStore.Windows", "NeoStore\NeoStore.Windows\NeoStore.Windows.csproj", "{E79BE772-E611-4A96-BD57-081FBE8A8295}"
EndProject
Project("{FAE04EC0-301F-11D3-BF4B-00C04F79EFBC}") = "NeoStore", "NeoStore\NeoStore\NeoStore.csproj", "{136107D6-2F2A-46E8-8FD9-72D4502BCA24}"
EndProject
Global
	GlobalSection(SolutionConfigurationPlatforms) = preSolution
		Ad-Hoc|Any CPU = Ad-Hoc|Any CPU
		Ad-Hoc|ARM = Ad-Hoc|ARM
		Ad-Hoc|iPhone = Ad-Hoc|iPhone
		Ad-Hoc|iPhoneSimulator = Ad-Hoc|iPhoneSimulator
		Ad-Hoc|x64 = Ad-Hoc|x64
		Ad-Hoc|x86 = Ad-Hoc|x86
		AppStore|Any CPU = AppStore|Any CPU
		AppStore|ARM = AppStore|ARM
		AppStore|iPhone = AppStore|iPhone
		AppStore|iPhoneSimulator = AppStore|iPhoneSimulator
		AppStore|x64 = AppStore|x64
		AppStore|x86 = AppStore|x86
		Debug|Any CPU = Debug|Any CPU
		Debug|ARM = Debug|ARM
		Debug|iPhone = Debug|iPhone
		Debug|iPhoneSimulator = Debug|iPhoneSimulator
		Debug|x64 = Debug|x64
		Debug|x86 = Debug|x86
		Release|Any CPU = Release|Any CPU
		Release|ARM = Release|ARM
		Release|iPhone = Release|iPhone
		Release|iPhoneSimulator = Release|iPhoneSimulator
		Release|x64 = Release|x64
		Release|x86 = Release|x86
	EndGlobalSection
	GlobalSection(ProjectConfigurationPlatforms) = postSolution
		{BC4F55C9-9D11-4611-83EB-5AFF4F1AC30C}.Ad-Hoc|Any CPU.ActiveCfg = Release|Any CPU
		{BC4F55C9-9D11-4611-83EB-5AFF4F1AC30C}.Ad-Hoc|Any CPU.Build.0 = Release|Any CPU
		{BC4F55C9-9D11-4611-83EB-5AFF4F1AC30C}.Ad-Hoc|Any CPU.Deploy.0 = Release|Any CPU
		{BC4F55C9-9D11-4611-83EB-5AFF4F1AC30C}.Ad-Hoc|ARM.ActiveCfg = Release|Any CPU
		{BC4F55C9-9D11-4611-83EB-5AFF4F1AC30C}.Ad-Hoc|ARM.Build.0 = Release|Any CPU
		{BC4F55C9-9D11-4611-83EB-5AFF4F1AC30C}.Ad-Hoc|ARM.Deploy.0 = Release|Any CPU
		{BC4F55C9-9D11-4611-83EB-5AFF4F1AC30C}.Ad-Hoc|iPhone.ActiveCfg = Release|Any CPU
		{BC4F55C9-9D11-4611-83EB-5AFF4F1AC30C}.Ad-Hoc|iPhone.Build.0 = Release|Any CPU
		{BC4F55C9-9D11-4611-83EB-5AFF4F1AC30C}.Ad-Hoc|iPhone.Deploy.0 = Release|Any CPU
		{BC4F55C9-9D11-4611-83EB-5AFF4F1AC30C}.Ad-Hoc|iPhoneSimulator.ActiveCfg = Release|Any CPU
		{BC4F55C9-9D11-4611-83EB-5AFF4F1AC30C}.Ad-Hoc|iPhoneSimulator.Build.0 = Release|Any CPU
		{BC4F55C9-9D11-4611-83EB-5AFF4F1AC30C}.Ad-Hoc|iPhoneSimulator.Deploy.0 = Release|Any CPU
		{BC4F55C9-9D11-4611-83EB-5AFF4F1AC30C}.Ad-Hoc|x64.ActiveCfg = Release|Any CPU
		{BC4F55C9-9D11-4611-83EB-5AFF4F1AC30C}.Ad-Hoc|x64.Build.0 = Release|Any CPU
		{BC4F55C9-9D11-4611-83EB-5AFF4F1AC30C}.Ad-Hoc|x64.Deploy.0 = Release|Any CPU
		{BC4F55C9-9D11-4611-83EB-5AFF4F1AC30C}.Ad-Hoc|x86.ActiveCfg = Release|Any CPU
		{BC4F55C9-9D11-4611-83EB-5AFF4F1AC30C}.Ad-Hoc|x86.Build.0 = Release|Any CPU
		{BC4F55C9-9D11-4611-83EB-5AFF4F1AC30C}.Ad-Hoc|x86.Deploy.0 = Release|Any CPU
		{BC4F55C9-9D11-4611-83EB-5AFF4F1AC30C}.AppStore|Any CPU.ActiveCfg = Release|Any CPU
		{BC4F55C9-9D11-4611-83EB-5AFF4F1AC30C}.AppStore|Any CPU.Build.0 = Release|Any CPU
		{BC4F55C9-9D11-4611-83EB-5AFF4F1AC30C}.AppStore|Any CPU.Deploy.0 = Release|Any CPU
		{BC4F55C9-9D11-4611-83EB-5AFF4F1AC30C}.AppStore|ARM.ActiveCfg = Release|Any CPU
		{BC4F55C9-9D11-4611-83EB-5AFF4F1AC30C}.AppStore|ARM.Build.0 = Release|Any CPU
		{BC4F55C9-9D11-4611-83EB-5AFF4F1AC30C}.AppStore|ARM.Deploy.0 = Release|Any CPU
		{BC4F55C9-9D11-4611-83EB-5AFF4F1AC30C}.AppStore|iPhone.ActiveCfg = Release|Any CPU
		{BC4F55C9-9D11-4611-83EB-5AFF4F1AC30C}.AppStore|iPhone.Build.0 = Release|Any CPU
		{BC4F55C9-9D11-4611-83EB-5AFF4F1AC30C}.AppStore|iPhone.Deploy.0 = Release|Any CPU
		{BC4F55C9-9D11-4611-83EB-5AFF4F1AC30C}.AppStore|iPhoneSimulator.ActiveCfg = Release|Any CPU
		{BC4F55C9-9D11-4611-83EB-5AFF4F1AC30C}.AppStore|iPhoneSimulator.Build.0 = Release|Any CPU
		{BC4F55C9-9D11-4611-83EB-5AFF4F1AC30C}.AppStore|iPhoneSimulator.Deploy.0 = Release|Any CPU
		{BC4F55C9-9D11-4611-83EB-5AFF4F1AC30C}.AppStore|x64.ActiveCfg = Release|Any CPU
		{BC4F55C9-9D11-4611-83EB-5AFF4F1AC30C}.AppStore|x64.Build.0 = Release|Any CPU
		{BC4F55C9-9D11-4611-83EB-5AFF4F1AC30C}.AppStore|x64.Deploy.0 = Release|Any CPU
		{BC4F55C9-9D11-4611-83EB-5AFF4F1AC30C}.AppStore|x86.ActiveCfg = Release|Any CPU
		{BC4F55C9-9D11-4611-83EB-5AFF4F1AC30C}.AppStore|x86.Build.0 = Release|Any CPU
		{BC4F55C9-9D11-4611-83EB-5AFF4F1AC30C}.AppStore|x86.Deploy.0 = Release|Any CPU
		{BC4F55C9-9D11-4611-83EB-5AFF4F1AC30C}.Debug|Any CPU.ActiveCfg = Debug|Any CPU
		{BC4F55C9-9D11-4611-83EB-5AFF4F1AC30C}.Debug|Any CPU.Build.0 = Debug|Any CPU
		{BC4F55C9-9D11-4611-83EB-5AFF4F1AC30C}.Debug|Any CPU.Deploy.0 = Debug|Any CPU
		{BC4F55C9-9D11-4611-83EB-5AFF4F1AC30C}.Debug|ARM.ActiveCfg = Debug|Any CPU
		{BC4F55C9-9D11-4611-83EB-5AFF4F1AC30C}.Debug|ARM.Build.0 = Debug|Any CPU
		{BC4F55C9-9D11-4611-83EB-5AFF4F1AC30C}.Debug|ARM.Deploy.0 = Debug|Any CPU
		{BC4F55C9-9D11-4611-83EB-5AFF4F1AC30C}.Debug|iPhone.ActiveCfg = Debug|Any CPU
		{BC4F55C9-9D11-4611-83EB-5AFF4F1AC30C}.Debug|iPhone.Build.0 = Debug|Any CPU
		{BC4F55C9-9D11-4611-83EB-5AFF4F1AC30C}.Debug|iPhone.Deploy.0 = Debug|Any CPU
		{BC4F55C9-9D11-4611-83EB-5AFF4F1AC30C}.Debug|iPhoneSimulator.ActiveCfg = Debug|Any CPU
		{BC4F55C9-9D11-4611-83EB-5AFF4F1AC30C}.Debug|iPhoneSimulator.Build.0 = Debug|Any CPU
		{BC4F55C9-9D11-4611-83EB-5AFF4F1AC30C}.Debug|iPhoneSimulator.Deploy.0 = Debug|Any CPU
		{BC4F55C9-9D11-4611-83EB-5AFF4F1AC30C}.Debug|x64.ActiveCfg = Debug|Any CPU
		{BC4F55C9-9D11-4611-83EB-5AFF4F1AC30C}.Debug|x64.Build.0 = Debug|Any CPU
		{BC4F55C9-9D11-4611-83EB-5AFF4F1AC30C}.Debug|x64.Deploy.0 = Debug|Any CPU
		{BC4F55C9-9D11-4611-83EB-5AFF4F1AC30C}.Debug|x86.ActiveCfg = Debug|Any CPU
		{BC4F55C9-9D11-4611-83EB-5AFF4F1AC30C}.Debug|x86.Build.0 = Debug|Any CPU
		{BC4F55C9-9D11-4611-83EB-5AFF4F1AC30C}.Debug|x86.Deploy.0 = Debug|Any CPU
		{BC4F55C9-9D11-4611-83EB-5AFF4F1AC30C}.Release|Any CPU.ActiveCfg = Release|Any CPU
		{BC4F55C9-9D11-4611-83EB-5AFF4F1AC30C}.Release|Any CPU.Build.0 = Release|Any CPU
		{BC4F55C9-9D11-4611-83EB-5AFF4F1AC30C}.Release|Any CPU.Deploy.0 = Release|Any CPU
		{BC4F55C9-9D11-4611-83EB-5AFF4F1AC30C}.Release|ARM.ActiveCfg = Release|Any CPU
		{BC4F55C9-9D11-4611-83EB-5AFF4F1AC30C}.Release|ARM.Build.0 = Release|Any CPU
		{BC4F55C9-9D11-4611-83EB-5AFF4F1AC30C}.Release|ARM.Deploy.0 = Release|Any CPU
		{BC4F55C9-9D11-4611-83EB-5AFF4F1AC30C}.Release|iPhone.ActiveCfg = Release|Any CPU
		{BC4F55C9-9D11-4611-83EB-5AFF4F1AC30C}.Release|iPhone.Build.0 = Release|Any CPU
		{BC4F55C9-9D11-4611-83EB-5AFF4F1AC30C}.Release|iPhone.Deploy.0 = Release|Any CPU
		{BC4F55C9-9D11-4611-83EB-5AFF4F1AC30C}.Release|iPhoneSimulator.ActiveCfg = Release|Any CPU
		{BC4F55C9-9D11-4611-83EB-5AFF4F1AC30C}.Release|iPhoneSimulator.Build.0 = Release|Any CPU
		{BC4F55C9-9D11-4611-83EB-5AFF4F1AC30C}.Release|iPhoneSimulator.Deploy.0 = Release|Any CPU
		{BC4F55C9-9D11-4611-83EB-5AFF4F1AC30C}.Release|x64.ActiveCfg = Release|Any CPU
		{BC4F55C9-9D11-4611-83EB-5AFF4F1AC30C}.Release|x64.Build.0 = Release|Any CPU
		{BC4F55C9-9D11-4611-83EB-5AFF4F1AC30C}.Release|x64.Deploy.0 = Release|Any CPU
		{BC4F55C9-9D11-4611-83EB-5AFF4F1AC30C}.Release|x86.ActiveCfg = Release|Any CPU
		{BC4F55C9-9D11-4611-83EB-5AFF4F1AC30C}.Release|x86.Build.0 = Release|Any CPU
		{BC4F55C9-9D11-4611-83EB-5AFF4F1AC30C}.Release|x86.Deploy.0 = Release|Any CPU
		{3A409A72-19E5-4F95-80A3-8106207ADBAE}.Ad-Hoc|Any CPU.ActiveCfg = Ad-Hoc|iPhone
		{3A409A72-19E5-4F95-80A3-8106207ADBAE}.Ad-Hoc|ARM.ActiveCfg = Ad-Hoc|iPhone
		{3A409A72-19E5-4F95-80A3-8106207ADBAE}.Ad-Hoc|iPhone.ActiveCfg = Ad-Hoc|iPhone
		{3A409A72-19E5-4F95-80A3-8106207ADBAE}.Ad-Hoc|iPhone.Build.0 = Ad-Hoc|iPhone
		{3A409A72-19E5-4F95-80A3-8106207ADBAE}.Ad-Hoc|iPhoneSimulator.ActiveCfg = Ad-Hoc|iPhoneSimulator
		{3A409A72-19E5-4F95-80A3-8106207ADBAE}.Ad-Hoc|iPhoneSimulator.Build.0 = Ad-Hoc|iPhoneSimulator
		{3A409A72-19E5-4F95-80A3-8106207ADBAE}.Ad-Hoc|x64.ActiveCfg = Ad-Hoc|iPhone
		{3A409A72-19E5-4F95-80A3-8106207ADBAE}.Ad-Hoc|x86.ActiveCfg = Ad-Hoc|iPhone
		{3A409A72-19E5-4F95-80A3-8106207ADBAE}.AppStore|Any CPU.ActiveCfg = AppStore|iPhone
		{3A409A72-19E5-4F95-80A3-8106207ADBAE}.AppStore|ARM.ActiveCfg = AppStore|iPhone
		{3A409A72-19E5-4F95-80A3-8106207ADBAE}.AppStore|iPhone.ActiveCfg = AppStore|iPhone
		{3A409A72-19E5-4F95-80A3-8106207ADBAE}.AppStore|iPhone.Build.0 = AppStore|iPhone
		{3A409A72-19E5-4F95-80A3-8106207ADBAE}.AppStore|iPhoneSimulator.ActiveCfg = AppStore|iPhoneSimulator
		{3A409A72-19E5-4F95-80A3-8106207ADBAE}.AppStore|iPhoneSimulator.Build.0 = AppStore|iPhoneSimulator
		{3A409A72-19E5-4F95-80A3-8106207ADBAE}.AppStore|x64.ActiveCfg = AppStore|iPhone
		{3A409A72-19E5-4F95-80A3-8106207ADBAE}.AppStore|x86.ActiveCfg = AppStore|iPhone
		{3A409A72-19E5-4F95-80A3-8106207ADBAE}.Debug|Any CPU.ActiveCfg = Debug|iPhone
		{3A409A72-19E5-4F95-80A3-8106207ADBAE}.Debug|ARM.ActiveCfg = Debug|iPhone
		{3A409A72-19E5-4F95-80A3-8106207ADBAE}.Debug|iPhone.ActiveCfg = Debug|iPhone
		{3A409A72-19E5-4F95-80A3-8106207ADBAE}.Debug|iPhone.Build.0 = Debug|iPhone
		{3A409A72-19E5-4F95-80A3-8106207ADBAE}.Debug|iPhoneSimulator.ActiveCfg = Debug|iPhoneSimulator
		{3A409A72-19E5-4F95-80A3-8106207ADBAE}.Debug|iPhoneSimulator.Build.0 = Debug|iPhoneSimulator
		{3A409A72-19E5-4F95-80A3-8106207ADBAE}.Debug|x64.ActiveCfg = Debug|iPhone
		{3A409A72-19E5-4F95-80A3-8106207ADBAE}.Debug|x86.ActiveCfg = Debug|iPhone
		{3A409A72-19E5-4F95-80A3-8106207ADBAE}.Release|Any CPU.ActiveCfg = Release|iPhone
		{3A409A72-19E5-4F95-80A3-8106207ADBAE}.Release|ARM.ActiveCfg = Release|iPhone
		{3A409A72-19E5-4F95-80A3-8106207ADBAE}.Release|iPhone.ActiveCfg = Release|iPhone
		{3A409A72-19E5-4F95-80A3-8106207ADBAE}.Release|iPhone.Build.0 = Release|iPhone
		{3A409A72-19E5-4F95-80A3-8106207ADBAE}.Release|iPhoneSimulator.ActiveCfg = Release|iPhoneSimulator
		{3A409A72-19E5-4F95-80A3-8106207ADBAE}.Release|iPhoneSimulator.Build.0 = Release|iPhoneSimulator
		{3A409A72-19E5-4F95-80A3-8106207ADBAE}.Release|x64.ActiveCfg = Release|iPhone
		{3A409A72-19E5-4F95-80A3-8106207ADBAE}.Release|x86.ActiveCfg = Release|iPhone
		{ACF3F90C-9BE1-42E6-AB98-A804E7D4981E}.Ad-Hoc|Any CPU.ActiveCfg = Release|Any CPU
		{ACF3F90C-9BE1-42E6-AB98-A804E7D4981E}.Ad-Hoc|Any CPU.Build.0 = Release|Any CPU
		{ACF3F90C-9BE1-42E6-AB98-A804E7D4981E}.Ad-Hoc|Any CPU.Deploy.0 = Release|Any CPU
		{ACF3F90C-9BE1-42E6-AB98-A804E7D4981E}.Ad-Hoc|ARM.ActiveCfg = Release|ARM
		{ACF3F90C-9BE1-42E6-AB98-A804E7D4981E}.Ad-Hoc|ARM.Build.0 = Release|ARM
		{ACF3F90C-9BE1-42E6-AB98-A804E7D4981E}.Ad-Hoc|ARM.Deploy.0 = Release|ARM
		{ACF3F90C-9BE1-42E6-AB98-A804E7D4981E}.Ad-Hoc|iPhone.ActiveCfg = Release|Any CPU
		{ACF3F90C-9BE1-42E6-AB98-A804E7D4981E}.Ad-Hoc|iPhone.Build.0 = Release|Any CPU
		{ACF3F90C-9BE1-42E6-AB98-A804E7D4981E}.Ad-Hoc|iPhone.Deploy.0 = Release|Any CPU
		{ACF3F90C-9BE1-42E6-AB98-A804E7D4981E}.Ad-Hoc|iPhoneSimulator.ActiveCfg = Release|Any CPU
		{ACF3F90C-9BE1-42E6-AB98-A804E7D4981E}.Ad-Hoc|iPhoneSimulator.Build.0 = Release|Any CPU
		{ACF3F90C-9BE1-42E6-AB98-A804E7D4981E}.Ad-Hoc|iPhoneSimulator.Deploy.0 = Release|Any CPU
		{ACF3F90C-9BE1-42E6-AB98-A804E7D4981E}.Ad-Hoc|x64.ActiveCfg = Release|Any CPU
		{ACF3F90C-9BE1-42E6-AB98-A804E7D4981E}.Ad-Hoc|x64.Build.0 = Release|Any CPU
		{ACF3F90C-9BE1-42E6-AB98-A804E7D4981E}.Ad-Hoc|x64.Deploy.0 = Release|Any CPU
		{ACF3F90C-9BE1-42E6-AB98-A804E7D4981E}.Ad-Hoc|x86.ActiveCfg = Release|x86
		{ACF3F90C-9BE1-42E6-AB98-A804E7D4981E}.Ad-Hoc|x86.Build.0 = Release|x86
		{ACF3F90C-9BE1-42E6-AB98-A804E7D4981E}.Ad-Hoc|x86.Deploy.0 = Release|x86
		{ACF3F90C-9BE1-42E6-AB98-A804E7D4981E}.AppStore|Any CPU.ActiveCfg = Release|Any CPU
		{ACF3F90C-9BE1-42E6-AB98-A804E7D4981E}.AppStore|Any CPU.Build.0 = Release|Any CPU
		{ACF3F90C-9BE1-42E6-AB98-A804E7D4981E}.AppStore|Any CPU.Deploy.0 = Release|Any CPU
		{ACF3F90C-9BE1-42E6-AB98-A804E7D4981E}.AppStore|ARM.ActiveCfg = Release|ARM
		{ACF3F90C-9BE1-42E6-AB98-A804E7D4981E}.AppStore|ARM.Build.0 = Release|ARM
		{ACF3F90C-9BE1-42E6-AB98-A804E7D4981E}.AppStore|ARM.Deploy.0 = Release|ARM
		{ACF3F90C-9BE1-42E6-AB98-A804E7D4981E}.AppStore|iPhone.ActiveCfg = Release|Any CPU
		{ACF3F90C-9BE1-42E6-AB98-A804E7D4981E}.AppStore|iPhone.Build.0 = Release|Any CPU
		{ACF3F90C-9BE1-42E6-AB98-A804E7D4981E}.AppStore|iPhone.Deploy.0 = Release|Any CPU
		{ACF3F90C-9BE1-42E6-AB98-A804E7D4981E}.AppStore|iPhoneSimulator.ActiveCfg = Release|Any CPU
		{ACF3F90C-9BE1-42E6-AB98-A804E7D4981E}.AppStore|iPhoneSimulator.Build.0 = Release|Any CPU
		{ACF3F90C-9BE1-42E6-AB98-A804E7D4981E}.AppStore|iPhoneSimulator.Deploy.0 = Release|Any CPU
		{ACF3F90C-9BE1-42E6-AB98-A804E7D4981E}.AppStore|x64.ActiveCfg = Release|Any CPU
		{ACF3F90C-9BE1-42E6-AB98-A804E7D4981E}.AppStore|x64.Build.0 = Release|Any CPU
		{ACF3F90C-9BE1-42E6-AB98-A804E7D4981E}.AppStore|x64.Deploy.0 = Release|Any CPU
		{ACF3F90C-9BE1-42E6-AB98-A804E7D4981E}.AppStore|x86.ActiveCfg = Release|x86
		{ACF3F90C-9BE1-42E6-AB98-A804E7D4981E}.AppStore|x86.Build.0 = Release|x86
		{ACF3F90C-9BE1-42E6-AB98-A804E7D4981E}.AppStore|x86.Deploy.0 = Release|x86
		{ACF3F90C-9BE1-42E6-AB98-A804E7D4981E}.Debug|Any CPU.ActiveCfg = Debug|Any CPU
		{ACF3F90C-9BE1-42E6-AB98-A804E7D4981E}.Debug|Any CPU.Build.0 = Debug|Any CPU
		{ACF3F90C-9BE1-42E6-AB98-A804E7D4981E}.Debug|Any CPU.Deploy.0 = Debug|Any CPU
		{ACF3F90C-9BE1-42E6-AB98-A804E7D4981E}.Debug|ARM.ActiveCfg = Debug|ARM
		{ACF3F90C-9BE1-42E6-AB98-A804E7D4981E}.Debug|ARM.Build.0 = Debug|ARM
		{ACF3F90C-9BE1-42E6-AB98-A804E7D4981E}.Debug|ARM.Deploy.0 = Debug|ARM
		{ACF3F90C-9BE1-42E6-AB98-A804E7D4981E}.Debug|iPhone.ActiveCfg = Debug|Any CPU
		{ACF3F90C-9BE1-42E6-AB98-A804E7D4981E}.Debug|iPhone.Build.0 = Debug|Any CPU
		{ACF3F90C-9BE1-42E6-AB98-A804E7D4981E}.Debug|iPhone.Deploy.0 = Debug|Any CPU
		{ACF3F90C-9BE1-42E6-AB98-A804E7D4981E}.Debug|iPhoneSimulator.ActiveCfg = Debug|Any CPU
		{ACF3F90C-9BE1-42E6-AB98-A804E7D4981E}.Debug|iPhoneSimulator.Build.0 = Debug|Any CPU
		{ACF3F90C-9BE1-42E6-AB98-A804E7D4981E}.Debug|iPhoneSimulator.Deploy.0 = Debug|Any CPU
		{ACF3F90C-9BE1-42E6-AB98-A804E7D4981E}.Debug|x64.ActiveCfg = Debug|Any CPU
		{ACF3F90C-9BE1-42E6-AB98-A804E7D4981E}.Debug|x64.Build.0 = Debug|Any CPU
		{ACF3F90C-9BE1-42E6-AB98-A804E7D4981E}.Debug|x64.Deploy.0 = Debug|Any CPU
		{ACF3F90C-9BE1-42E6-AB98-A804E7D4981E}.Debug|x86.ActiveCfg = Debug|x86
		{ACF3F90C-9BE1-42E6-AB98-A804E7D4981E}.Debug|x86.Build.0 = Debug|x86
		{ACF3F90C-9BE1-42E6-AB98-A804E7D4981E}.Debug|x86.Deploy.0 = Debug|x86
		{ACF3F90C-9BE1-42E6-AB98-A804E7D4981E}.Release|Any CPU.ActiveCfg = Release|Any CPU
		{ACF3F90C-9BE1-42E6-AB98-A804E7D4981E}.Release|Any CPU.Build.0 = Release|Any CPU
		{ACF3F90C-9BE1-42E6-AB98-A804E7D4981E}.Release|Any CPU.Deploy.0 = Release|Any CPU
		{ACF3F90C-9BE1-42E6-AB98-A804E7D4981E}.Release|ARM.ActiveCfg = Release|ARM
		{ACF3F90C-9BE1-42E6-AB98-A804E7D4981E}.Release|ARM.Build.0 = Release|ARM
		{ACF3F90C-9BE1-42E6-AB98-A804E7D4981E}.Release|ARM.Deploy.0 = Release|ARM
		{ACF3F90C-9BE1-42E6-AB98-A804E7D4981E}.Release|iPhone.ActiveCfg = Release|Any CPU
		{ACF3F90C-9BE1-42E6-AB98-A804E7D4981E}.Release|iPhone.Build.0 = Release|Any CPU
		{ACF3F90C-9BE1-42E6-AB98-A804E7D4981E}.Release|iPhone.Deploy.0 = Release|Any CPU
		{ACF3F90C-9BE1-42E6-AB98-A804E7D4981E}.Release|iPhoneSimulator.ActiveCfg = Release|Any CPU
		{ACF3F90C-9BE1-42E6-AB98-A804E7D4981E}.Release|iPhoneSimulator.Build.0 = Release|Any CPU
		{ACF3F90C-9BE1-42E6-AB98-A804E7D4981E}.Release|iPhoneSimulator.Deploy.0 = Release|Any CPU
		{ACF3F90C-9BE1-42E6-AB98-A804E7D4981E}.Release|x64.ActiveCfg = Release|Any CPU
		{ACF3F90C-9BE1-42E6-AB98-A804E7D4981E}.Release|x64.Build.0 = Release|Any CPU
		{ACF3F90C-9BE1-42E6-AB98-A804E7D4981E}.Release|x64.Deploy.0 = Release|Any CPU
		{ACF3F90C-9BE1-42E6-AB98-A804E7D4981E}.Release|x86.ActiveCfg = Release|x86
		{ACF3F90C-9BE1-42E6-AB98-A804E7D4981E}.Release|x86.Build.0 = Release|x86
		{ACF3F90C-9BE1-42E6-AB98-A804E7D4981E}.Release|x86.Deploy.0 = Release|x86
		{E79BE772-E611-4A96-BD57-081FBE8A8295}.Ad-Hoc|Any CPU.ActiveCfg = Release|Any CPU
		{E79BE772-E611-4A96-BD57-081FBE8A8295}.Ad-Hoc|Any CPU.Build.0 = Release|Any CPU
		{E79BE772-E611-4A96-BD57-081FBE8A8295}.Ad-Hoc|Any CPU.Deploy.0 = Release|Any CPU
		{E79BE772-E611-4A96-BD57-081FBE8A8295}.Ad-Hoc|ARM.ActiveCfg = Release|ARM
		{E79BE772-E611-4A96-BD57-081FBE8A8295}.Ad-Hoc|ARM.Build.0 = Release|ARM
		{E79BE772-E611-4A96-BD57-081FBE8A8295}.Ad-Hoc|ARM.Deploy.0 = Release|ARM
		{E79BE772-E611-4A96-BD57-081FBE8A8295}.Ad-Hoc|iPhone.ActiveCfg = Release|Any CPU
		{E79BE772-E611-4A96-BD57-081FBE8A8295}.Ad-Hoc|iPhone.Build.0 = Release|Any CPU
		{E79BE772-E611-4A96-BD57-081FBE8A8295}.Ad-Hoc|iPhone.Deploy.0 = Release|Any CPU
		{E79BE772-E611-4A96-BD57-081FBE8A8295}.Ad-Hoc|iPhoneSimulator.ActiveCfg = Release|Any CPU
		{E79BE772-E611-4A96-BD57-081FBE8A8295}.Ad-Hoc|iPhoneSimulator.Build.0 = Release|Any CPU
		{E79BE772-E611-4A96-BD57-081FBE8A8295}.Ad-Hoc|iPhoneSimulator.Deploy.0 = Release|Any CPU
		{E79BE772-E611-4A96-BD57-081FBE8A8295}.Ad-Hoc|x64.ActiveCfg = Release|x64
		{E79BE772-E611-4A96-BD57-081FBE8A8295}.Ad-Hoc|x64.Build.0 = Release|x64
		{E79BE772-E611-4A96-BD57-081FBE8A8295}.Ad-Hoc|x64.Deploy.0 = Release|x64
		{E79BE772-E611-4A96-BD57-081FBE8A8295}.Ad-Hoc|x86.ActiveCfg = Release|x86
		{E79BE772-E611-4A96-BD57-081FBE8A8295}.Ad-Hoc|x86.Build.0 = Release|x86
		{E79BE772-E611-4A96-BD57-081FBE8A8295}.Ad-Hoc|x86.Deploy.0 = Release|x86
		{E79BE772-E611-4A96-BD57-081FBE8A8295}.AppStore|Any CPU.ActiveCfg = Release|Any CPU
		{E79BE772-E611-4A96-BD57-081FBE8A8295}.AppStore|Any CPU.Build.0 = Release|Any CPU
		{E79BE772-E611-4A96-BD57-081FBE8A8295}.AppStore|Any CPU.Deploy.0 = Release|Any CPU
		{E79BE772-E611-4A96-BD57-081FBE8A8295}.AppStore|ARM.ActiveCfg = Release|ARM
		{E79BE772-E611-4A96-BD57-081FBE8A8295}.AppStore|ARM.Build.0 = Release|ARM
		{E79BE772-E611-4A96-BD57-081FBE8A8295}.AppStore|ARM.Deploy.0 = Release|ARM
		{E79BE772-E611-4A96-BD57-081FBE8A8295}.AppStore|iPhone.ActiveCfg = Release|Any CPU
		{E79BE772-E611-4A96-BD57-081FBE8A8295}.AppStore|iPhone.Build.0 = Release|Any CPU
		{E79BE772-E611-4A96-BD57-081FBE8A8295}.AppStore|iPhone.Deploy.0 = Release|Any CPU
		{E79BE772-E611-4A96-BD57-081FBE8A8295}.AppStore|iPhoneSimulator.ActiveCfg = Release|Any CPU
		{E79BE772-E611-4A96-BD57-081FBE8A8295}.AppStore|iPhoneSimulator.Build.0 = Release|Any CPU
		{E79BE772-E611-4A96-BD57-081FBE8A8295}.AppStore|iPhoneSimulator.Deploy.0 = Release|Any CPU
		{E79BE772-E611-4A96-BD57-081FBE8A8295}.AppStore|x64.ActiveCfg = Release|x64
		{E79BE772-E611-4A96-BD57-081FBE8A8295}.AppStore|x64.Build.0 = Release|x64
		{E79BE772-E611-4A96-BD57-081FBE8A8295}.AppStore|x64.Deploy.0 = Release|x64
		{E79BE772-E611-4A96-BD57-081FBE8A8295}.AppStore|x86.ActiveCfg = Release|x86
		{E79BE772-E611-4A96-BD57-081FBE8A8295}.AppStore|x86.Build.0 = Release|x86
		{E79BE772-E611-4A96-BD57-081FBE8A8295}.AppStore|x86.Deploy.0 = Release|x86
		{E79BE772-E611-4A96-BD57-081FBE8A8295}.Debug|Any CPU.ActiveCfg = Debug|Any CPU
		{E79BE772-E611-4A96-BD57-081FBE8A8295}.Debug|Any CPU.Build.0 = Debug|Any CPU
		{E79BE772-E611-4A96-BD57-081FBE8A8295}.Debug|Any CPU.Deploy.0 = Debug|Any CPU
		{E79BE772-E611-4A96-BD57-081FBE8A8295}.Debug|ARM.ActiveCfg = Debug|ARM
		{E79BE772-E611-4A96-BD57-081FBE8A8295}.Debug|ARM.Build.0 = Debug|ARM
		{E79BE772-E611-4A96-BD57-081FBE8A8295}.Debug|ARM.Deploy.0 = Debug|ARM
		{E79BE772-E611-4A96-BD57-081FBE8A8295}.Debug|iPhone.ActiveCfg = Debug|Any CPU
		{E79BE772-E611-4A96-BD57-081FBE8A8295}.Debug|iPhone.Build.0 = Debug|Any CPU
		{E79BE772-E611-4A96-BD57-081FBE8A8295}.Debug|iPhone.Deploy.0 = Debug|Any CPU
		{E79BE772-E611-4A96-BD57-081FBE8A8295}.Debug|iPhoneSimulator.ActiveCfg = Debug|Any CPU
		{E79BE772-E611-4A96-BD57-081FBE8A8295}.Debug|iPhoneSimulator.Build.0 = Debug|Any CPU
		{E79BE772-E611-4A96-BD57-081FBE8A8295}.Debug|iPhoneSimulator.Deploy.0 = Debug|Any CPU
		{E79BE772-E611-4A96-BD57-081FBE8A8295}.Debug|x64.ActiveCfg = Debug|x64
		{E79BE772-E611-4A96-BD57-081FBE8A8295}.Debug|x64.Build.0 = Debug|x64
		{E79BE772-E611-4A96-BD57-081FBE8A8295}.Debug|x64.Deploy.0 = Debug|x64
		{E79BE772-E611-4A96-BD57-081FBE8A8295}.Debug|x86.ActiveCfg = Debug|x86
		{E79BE772-E611-4A96-BD57-081FBE8A8295}.Debug|x86.Build.0 = Debug|x86
		{E79BE772-E611-4A96-BD57-081FBE8A8295}.Debug|x86.Deploy.0 = Debug|x86
		{E79BE772-E611-4A96-BD57-081FBE8A8295}.Release|Any CPU.ActiveCfg = Release|Any CPU
		{E79BE772-E611-4A96-BD57-081FBE8A8295}.Release|Any CPU.Build.0 = Release|Any CPU
		{E79BE772-E611-4A96-BD57-081FBE8A8295}.Release|Any CPU.Deploy.0 = Release|Any CPU
		{E79BE772-E611-4A96-BD57-081FBE8A8295}.Release|ARM.ActiveCfg = Release|ARM
		{E79BE772-E611-4A96-BD57-081FBE8A8295}.Release|ARM.Build.0 = Release|ARM
		{E79BE772-E611-4A96-BD57-081FBE8A8295}.Release|ARM.Deploy.0 = Release|ARM
		{E79BE772-E611-4A96-BD57-081FBE8A8295}.Release|iPhone.ActiveCfg = Release|Any CPU
		{E79BE772-E611-4A96-BD57-081FBE8A8295}.Release|iPhone.Build.0 = Release|Any CPU
		{E79BE772-E611-4A96-BD57-081FBE8A8295}.Release|iPhone.Deploy.0 = Release|Any CPU
		{E79BE772-E611-4A96-BD57-081FBE8A8295}.Release|iPhoneSimulator.ActiveCfg = Release|Any CPU
		{E79BE772-E611-4A96-BD57-081FBE8A8295}.Release|iPhoneSimulator.Build.0 = Release|Any CPU
		{E79BE772-E611-4A96-BD57-081FBE8A8295}.Release|iPhoneSimulator.Deploy.0 = Release|Any CPU
		{E79BE772-E611-4A96-BD57-081FBE8A8295}.Release|x64.ActiveCfg = Release|x64
		{E79BE772-E611-4A96-BD57-081FBE8A8295}.Release|x64.Build.0 = Release|x64
		{E79BE772-E611-4A96-BD57-081FBE8A8295}.Release|x64.Deploy.0 = Release|x64
		{E79BE772-E611-4A96-BD57-081FBE8A8295}.Release|x86.ActiveCfg = Release|x86
		{E79BE772-E611-4A96-BD57-081FBE8A8295}.Release|x86.Build.0 = Release|x86
		{E79BE772-E611-4A96-BD57-081FBE8A8295}.Release|x86.Deploy.0 = Release|x86
		{136107D6-2F2A-46E8-8FD9-72D4502BCA24}.Ad-Hoc|Any CPU.ActiveCfg = Release|Any CPU
		{136107D6-2F2A-46E8-8FD9-72D4502BCA24}.Ad-Hoc|Any CPU.Build.0 = Release|Any CPU
		{136107D6-2F2A-46E8-8FD9-72D4502BCA24}.Ad-Hoc|ARM.ActiveCfg = Release|Any CPU
		{136107D6-2F2A-46E8-8FD9-72D4502BCA24}.Ad-Hoc|ARM.Build.0 = Release|Any CPU
		{136107D6-2F2A-46E8-8FD9-72D4502BCA24}.Ad-Hoc|iPhone.ActiveCfg = Release|Any CPU
		{136107D6-2F2A-46E8-8FD9-72D4502BCA24}.Ad-Hoc|iPhone.Build.0 = Release|Any CPU
		{136107D6-2F2A-46E8-8FD9-72D4502BCA24}.Ad-Hoc|iPhoneSimulator.ActiveCfg = Release|Any CPU
		{136107D6-2F2A-46E8-8FD9-72D4502BCA24}.Ad-Hoc|iPhoneSimulator.Build.0 = Release|Any CPU
		{136107D6-2F2A-46E8-8FD9-72D4502BCA24}.Ad-Hoc|x64.ActiveCfg = Release|Any CPU
		{136107D6-2F2A-46E8-8FD9-72D4502BCA24}.Ad-Hoc|x64.Build.0 = Release|Any CPU
		{136107D6-2F2A-46E8-8FD9-72D4502BCA24}.Ad-Hoc|x86.ActiveCfg = Release|Any CPU
		{136107D6-2F2A-46E8-8FD9-72D4502BCA24}.Ad-Hoc|x86.Build.0 = Release|Any CPU
		{136107D6-2F2A-46E8-8FD9-72D4502BCA24}.AppStore|Any CPU.ActiveCfg = Release|Any CPU
		{136107D6-2F2A-46E8-8FD9-72D4502BCA24}.AppStore|Any CPU.Build.0 = Release|Any CPU
		{136107D6-2F2A-46E8-8FD9-72D4502BCA24}.AppStore|ARM.ActiveCfg = Release|Any CPU
		{136107D6-2F2A-46E8-8FD9-72D4502BCA24}.AppStore|ARM.Build.0 = Release|Any CPU
		{136107D6-2F2A-46E8-8FD9-72D4502BCA24}.AppStore|iPhone.ActiveCfg = Release|Any CPU
		{136107D6-2F2A-46E8-8FD9-72D4502BCA24}.AppStore|iPhone.Build.0 = Release|Any CPU
		{136107D6-2F2A-46E8-8FD9-72D4502BCA24}.AppStore|iPhoneSimulator.ActiveCfg = Release|Any CPU
		{136107D6-2F2A-46E8-8FD9-72D4502BCA24}.AppStore|iPhoneSimulator.Build.0 = Release|Any CPU
		{136107D6-2F2A-46E8-8FD9-72D4502BCA24}.AppStore|x64.ActiveCfg = Release|Any CPU
		{136107D6-2F2A-46E8-8FD9-72D4502BCA24}.AppStore|x64.Build.0 = Release|Any CPU
		{136107D6-2F2A-46E8-8FD9-72D4502BCA24}.AppStore|x86.ActiveCfg = Release|Any CPU
		{136107D6-2F2A-46E8-8FD9-72D4502BCA24}.AppStore|x86.Build.0 = Release|Any CPU
		{136107D6-2F2A-46E8-8FD9-72D4502BCA24}.Debug|Any CPU.ActiveCfg = Debug|Any CPU
		{136107D6-2F2A-46E8-8FD9-72D4502BCA24}.Debug|Any CPU.Build.0 = Debug|Any CPU
		{136107D6-2F2A-46E8-8FD9-72D4502BCA24}.Debug|ARM.ActiveCfg = Debug|Any CPU
		{136107D6-2F2A-46E8-8FD9-72D4502BCA24}.Debug|ARM.Build.0 = Debug|Any CPU
		{136107D6-2F2A-46E8-8FD9-72D4502BCA24}.Debug|iPhone.ActiveCfg = Debug|Any CPU
		{136107D6-2F2A-46E8-8FD9-72D4502BCA24}.Debug|iPhone.Build.0 = Debug|Any CPU
		{136107D6-2F2A-46E8-8FD9-72D4502BCA24}.Debug|iPhoneSimulator.ActiveCfg = Debug|Any CPU
		{136107D6-2F2A-46E8-8FD9-72D4502BCA24}.Debug|iPhoneSimulator.Build.0 = Debug|Any CPU
		{136107D6-2F2A-46E8-8FD9-72D4502BCA24}.Debug|x64.ActiveCfg = Debug|Any CPU
		{136107D6-2F2A-46E8-8FD9-72D4502BCA24}.Debug|x64.Build.0 = Debug|Any CPU
		{136107D6-2F2A-46E8-8FD9-72D4502BCA24}.Debug|x86.ActiveCfg = Debug|Any CPU
		{136107D6-2F2A-46E8-8FD9-72D4502BCA24}.Debug|x86.Build.0 = Debug|Any CPU
		{136107D6-2F2A-46E8-8FD9-72D4502BCA24}.Release|Any CPU.ActiveCfg = Release|Any CPU
		{136107D6-2F2A-46E8-8FD9-72D4502BCA24}.Release|Any CPU.Build.0 = Release|Any CPU
		{136107D6-2F2A-46E8-8FD9-72D4502BCA24}.Release|ARM.ActiveCfg = Release|Any CPU
		{136107D6-2F2A-46E8-8FD9-72D4502BCA24}.Release|ARM.Build.0 = Release|Any CPU
		{136107D6-2F2A-46E8-8FD9-72D4502BCA24}.Release|iPhone.ActiveCfg = Release|Any CPU
		{136107D6-2F2A-46E8-8FD9-72D4502BCA24}.Release|iPhone.Build.0 = Release|Any CPU
		{136107D6-2F2A-46E8-8FD9-72D4502BCA24}.Release|iPhoneSimulator.ActiveCfg = Release|Any CPU
		{136107D6-2F2A-46E8-8FD9-72D4502BCA24}.Release|iPhoneSimulator.Build.0 = Release|Any CPU
		{136107D6-2F2A-46E8-8FD9-72D4502BCA24}.Release|x64.ActiveCfg = Release|Any CPU
		{136107D6-2F2A-46E8-8FD9-72D4502BCA24}.Release|x64.Build.0 = Release|Any CPU
		{136107D6-2F2A-46E8-8FD9-72D4502BCA24}.Release|x86.ActiveCfg = Release|Any CPU
		{136107D6-2F2A-46E8-8FD9-72D4502BCA24}.Release|x86.Build.0 = Release|Any CPU
	EndGlobalSection
	GlobalSection(SolutionProperties) = preSolution
		HideSolutionNode = FALSE
	EndGlobalSection
EndGlobal
